
Microsoft Visual Studio Solution File, Format Version 12.00
# Visual Studio Version 16
VisualStudioVersion = 16.0.30204.135
MinimumVisualStudioVersion = 10.0.40219.1
Project("{8BC9CEB8-8B4A-11D0-8D11-00A0C91BC942}") = "перебор строки каждый элемент встречается 1 раз", "перебор строки каждый элемент встречается 1 раз\перебор строки каждый элемент встречается 1 раз.vcxproj", "{034A38B0-2A6C-411F-8A2D-7F743CE96F0C}"
EndProject
Global
	GlobalSection(SolutionConfigurationPlatforms) = preSolution
		Debug|x64 = Debug|x64
		Debug|x86 = Debug|x86
		Release|x64 = Release|x64
		Release|x86 = Release|x86
	EndGlobalSection
	GlobalSection(ProjectConfigurationPlatforms) = postSolution
		{034A38B0-2A6C-411F-8A2D-7F743CE96F0C}.Debug|x64.ActiveCfg = Debug|x64
		{034A38B0-2A6C-411F-8A2D-7F743CE96F0C}.Debug|x64.Build.0 = Debug|x64
		{034A38B0-2A6C-411F-8A2D-7F743CE96F0C}.Debug|x86.ActiveCfg = Debug|Win32
		{034A38B0-2A6C-411F-8A2D-7F743CE96F0C}.Debug|x86.Build.0 = Debug|Win32
		{034A38B0-2A6C-411F-8A2D-7F743CE96F0C}.Release|x64.ActiveCfg = Release|x64
		{034A38B0-2A6C-411F-8A2D-7F743CE96F0C}.Release|x64.Build.0 = Release|x64
		{034A38B0-2A6C-411F-8A2D-7F743CE96F0C}.Release|x86.ActiveCfg = Release|Win32
		{034A38B0-2A6C-411F-8A2D-7F743CE96F0C}.Release|x86.Build.0 = Release|Win32
	EndGlobalSection
	GlobalSection(SolutionProperties) = preSolution
		HideSolutionNode = FALSE
	EndGlobalSection
	GlobalSection(ExtensibilityGlobals) = postSolution
		SolutionGuid = {8F244BDD-5D5B-4321-894B-9EF190C41E2E}
	EndGlobalSection
EndGlobal
